
Microsoft Visual Studio Solution File, Format Version 12.00
# Visual Studio Version 16
VisualStudioVersion = 16.0.29709.97
MinimumVisualStudioVersion = 10.0.40219.1
Project("{9A19103F-16F7-4668-BE54-9A1E7A4F7556}") = "XYGraphLib", "XYGraphLib\XYGraphLib.csproj", "{899B3773-4786-45FA-A49E-9B0438ED0F13}"
EndProject
Project("{9A19103F-16F7-4668-BE54-9A1E7A4F7556}") = "XYGraphTestBench", "XYGraphTestBench\XYGraphTestBench.csproj", "{8183BEA3-0FA4-4D4B-A3A0-6DE88C6E20B0}"
EndProject
Project("{9A19103F-16F7-4668-BE54-9A1E7A4F7556}") = "XYGraphTracedLib", "XYGraphTracedLib\XYGraphTracedLib.csproj", "{EEFEA34B-5905-4969-908B-F743C18FC4E8}"
EndProject
Project("{9A19103F-16F7-4668-BE54-9A1E7A4F7556}") = "XYGraphLibTest", "XYGraphLibTest\XYGraphLibTest.csproj", "{4B380A4E-0725-4D0A-B36F-A809B2BB6E70}"
EndProject
Project("{9A19103F-16F7-4668-BE54-9A1E7A4F7556}") = "CustomControlBaseLib", "..\CustomControlBaseLib\CustomControlBaseLib\CustomControlBaseLib.csproj", "{AECA759E-E54F-4A55-B3C9-BDB2C04A401B}"
EndProject
Project("{9A19103F-16F7-4668-BE54-9A1E7A4F7556}") = "WpfControlTestbenchLib", "..\WpfControlTestbench\WpfControlTestbenchLib\WpfControlTestbenchLib.csproj", "{596155C5-6581-4474-B6DA-3FB8C1EA41A8}"
EndProject
Project("{9A19103F-16F7-4668-BE54-9A1E7A4F7556}") = "CustomControlSampleLib", "..\CustomControlBaseLib\CustomControlSampleLib\CustomControlSampleLib.csproj", "{271E4C67-3F46-46F3-88B8-BC7EFCB30771}"
EndProject
Project("{9A19103F-16F7-4668-BE54-9A1E7A4F7556}") = "XYGraphLibBase", "XYGraphLibBase\XYGraphLibBase.csproj", "{61123535-C573-4113-958F-00E29FA7E039}"
EndProject
Project("{9A19103F-16F7-4668-BE54-9A1E7A4F7556}") = "TracerLib", "..\TracerLib\TracerLib\TracerLib.csproj", "{6E399D53-1391-41F6-97E1-B289BACF12FC}"
EndProject
Global
	GlobalSection(SolutionConfigurationPlatforms) = preSolution
		Debug|Any CPU = Debug|Any CPU
		Release|Any CPU = Release|Any CPU
	EndGlobalSection
	GlobalSection(ProjectConfigurationPlatforms) = postSolution
		{899B3773-4786-45FA-A49E-9B0438ED0F13}.Debug|Any CPU.ActiveCfg = Debug|Any CPU
		{899B3773-4786-45FA-A49E-9B0438ED0F13}.Debug|Any CPU.Build.0 = Debug|Any CPU
		{899B3773-4786-45FA-A49E-9B0438ED0F13}.Release|Any CPU.ActiveCfg = Release|Any CPU
		{899B3773-4786-45FA-A49E-9B0438ED0F13}.Release|Any CPU.Build.0 = Release|Any CPU
		{8183BEA3-0FA4-4D4B-A3A0-6DE88C6E20B0}.Debug|Any CPU.ActiveCfg = Debug|Any CPU
		{8183BEA3-0FA4-4D4B-A3A0-6DE88C6E20B0}.Debug|Any CPU.Build.0 = Debug|Any CPU
		{8183BEA3-0FA4-4D4B-A3A0-6DE88C6E20B0}.Release|Any CPU.ActiveCfg = Release|Any CPU
		{8183BEA3-0FA4-4D4B-A3A0-6DE88C6E20B0}.Release|Any CPU.Build.0 = Release|Any CPU
		{EEFEA34B-5905-4969-908B-F743C18FC4E8}.Debug|Any CPU.ActiveCfg = Debug|Any CPU
		{EEFEA34B-5905-4969-908B-F743C18FC4E8}.Debug|Any CPU.Build.0 = Debug|Any CPU
		{EEFEA34B-5905-4969-908B-F743C18FC4E8}.Release|Any CPU.ActiveCfg = Release|Any CPU
		{EEFEA34B-5905-4969-908B-F743C18FC4E8}.Release|Any CPU.Build.0 = Release|Any CPU
		{4B380A4E-0725-4D0A-B36F-A809B2BB6E70}.Debug|Any CPU.ActiveCfg = Debug|Any CPU
		{4B380A4E-0725-4D0A-B36F-A809B2BB6E70}.Debug|Any CPU.Build.0 = Debug|Any CPU
		{4B380A4E-0725-4D0A-B36F-A809B2BB6E70}.Release|Any CPU.ActiveCfg = Release|Any CPU
		{4B380A4E-0725-4D0A-B36F-A809B2BB6E70}.Release|Any CPU.Build.0 = Release|Any CPU
		{AECA759E-E54F-4A55-B3C9-BDB2C04A401B}.Debug|Any CPU.ActiveCfg = Debug|Any CPU
		{AECA759E-E54F-4A55-B3C9-BDB2C04A401B}.Debug|Any CPU.Build.0 = Debug|Any CPU
		{AECA759E-E54F-4A55-B3C9-BDB2C04A401B}.Release|Any CPU.ActiveCfg = Release|Any CPU
		{AECA759E-E54F-4A55-B3C9-BDB2C04A401B}.Release|Any CPU.Build.0 = Release|Any CPU
		{596155C5-6581-4474-B6DA-3FB8C1EA41A8}.Debug|Any CPU.ActiveCfg = Debug|Any CPU
		{596155C5-6581-4474-B6DA-3FB8C1EA41A8}.Debug|Any CPU.Build.0 = Debug|Any CPU
		{596155C5-6581-4474-B6DA-3FB8C1EA41A8}.Release|Any CPU.ActiveCfg = Release|Any CPU
		{596155C5-6581-4474-B6DA-3FB8C1EA41A8}.Release|Any CPU.Build.0 = Release|Any CPU
		{271E4C67-3F46-46F3-88B8-BC7EFCB30771}.Debug|Any CPU.ActiveCfg = Debug|Any CPU
		{271E4C67-3F46-46F3-88B8-BC7EFCB30771}.Debug|Any CPU.Build.0 = Debug|Any CPU
		{271E4C67-3F46-46F3-88B8-BC7EFCB30771}.Release|Any CPU.ActiveCfg = Release|Any CPU
		{271E4C67-3F46-46F3-88B8-BC7EFCB30771}.Release|Any CPU.Build.0 = Release|Any CPU
		{61123535-C573-4113-958F-00E29FA7E039}.Debug|Any CPU.ActiveCfg = Debug|Any CPU
		{61123535-C573-4113-958F-00E29FA7E039}.Debug|Any CPU.Build.0 = Debug|Any CPU
		{61123535-C573-4113-958F-00E29FA7E039}.Release|Any CPU.ActiveCfg = Release|Any CPU
		{61123535-C573-4113-958F-00E29FA7E039}.Release|Any CPU.Build.0 = Release|Any CPU
		{6E399D53-1391-41F6-97E1-B289BACF12FC}.Debug|Any CPU.ActiveCfg = Debug|Any CPU
		{6E399D53-1391-41F6-97E1-B289BACF12FC}.Debug|Any CPU.Build.0 = Debug|Any CPU
		{6E399D53-1391-41F6-97E1-B289BACF12FC}.Release|Any CPU.ActiveCfg = Release|Any CPU
		{6E399D53-1391-41F6-97E1-B289BACF12FC}.Release|Any CPU.Build.0 = Release|Any CPU
	EndGlobalSection
	GlobalSection(SolutionProperties) = preSolution
		HideSolutionNode = FALSE
	EndGlobalSection
	GlobalSection(ExtensibilityGlobals) = postSolution
		SolutionGuid = {B80AC351-8E9D-44BC-95A8-6F77B5AD379F}
	EndGlobalSection
EndGlobal
