
Microsoft Visual Studio Solution File, Format Version 12.00
# Visual Studio Version 16
VisualStudioVersion = 16.0.29709.97
MinimumVisualStudioVersion = 10.0.40219.1
Project("{9A19103F-16F7-4668-BE54-9A1E7A4F7556}") = "XYGraphLib", "XYGraphLib\XYGraphLib.csproj", "{899B3773-4786-45FA-A49E-9B0438ED0F13}"
EndProject
Project("{9A19103F-16F7-4668-BE54-9A1E7A4F7556}") = "XYGraphTestBench", "XYGraphTestBench\XYGraphTestBench.csproj", "{8183BEA3-0FA4-4D4B-A3A0-6DE88C6E20B0}"
EndProject
Project("{9A19103F-16F7-4668-BE54-9A1E7A4F7556}") = "XYGraphTracedLib", "XYGraphTracedLib\XYGraphTracedLib.csproj", "{EEFEA34B-5905-4969-908B-F743C18FC4E8}"
EndProject
Global
	GlobalSection(SolutionConfigurationPlatforms) = preSolution
		Debug|Any CPU = Debug|Any CPU
		Release|Any CPU = Release|Any CPU
	EndGlobalSection
	GlobalSection(ProjectConfigurationPlatforms) = postSolution
		{899B3773-4786-45FA-A49E-9B0438ED0F13}.Debug|Any CPU.ActiveCfg = Debug|Any CPU
		{899B3773-4786-45FA-A49E-9B0438ED0F13}.Debug|Any CPU.Build.0 = Debug|Any CPU
		{899B3773-4786-45FA-A49E-9B0438ED0F13}.Release|Any CPU.ActiveCfg = Release|Any CPU
		{899B3773-4786-45FA-A49E-9B0438ED0F13}.Release|Any CPU.Build.0 = Release|Any CPU
		{8183BEA3-0FA4-4D4B-A3A0-6DE88C6E20B0}.Debug|Any CPU.ActiveCfg = Debug|Any CPU
		{8183BEA3-0FA4-4D4B-A3A0-6DE88C6E20B0}.Debug|Any CPU.Build.0 = Debug|Any CPU
		{8183BEA3-0FA4-4D4B-A3A0-6DE88C6E20B0}.Release|Any CPU.ActiveCfg = Release|Any CPU
		{8183BEA3-0FA4-4D4B-A3A0-6DE88C6E20B0}.Release|Any CPU.Build.0 = Release|Any CPU
		{EEFEA34B-5905-4969-908B-F743C18FC4E8}.Debug|Any CPU.ActiveCfg = Debug|Any CPU
		{EEFEA34B-5905-4969-908B-F743C18FC4E8}.Debug|Any CPU.Build.0 = Debug|Any CPU
		{EEFEA34B-5905-4969-908B-F743C18FC4E8}.Release|Any CPU.ActiveCfg = Release|Any CPU
		{EEFEA34B-5905-4969-908B-F743C18FC4E8}.Release|Any CPU.Build.0 = Release|Any CPU
	EndGlobalSection
	GlobalSection(SolutionProperties) = preSolution
		HideSolutionNode = FALSE
	EndGlobalSection
	GlobalSection(ExtensibilityGlobals) = postSolution
		SolutionGuid = {B80AC351-8E9D-44BC-95A8-6F77B5AD379F}
	EndGlobalSection
EndGlobal
